# This file is automatically @generated by Cargo.
# It is not intended for manual editing.
version = 4

[[package]]
name = "bpa_rs"
version = "0.1.0"
dependencies = [
 "glam",
]

[[package]]
name = "glam"
version = "0.30.2"
source = "registry+https://github.com/rust-lang/crates.io-index"
checksum = "d0e9b6647e9b41d3a5ef02964c6be01311a7f2472fea40595c635c6d046c259e"
